
Microsoft Visual Studio Solution File, Format Version 12.00
# Visual Studio Version 16
VisualStudioVersion = 16.0.29209.62
MinimumVisualStudioVersion = 10.0.40219.1
Project("{FAE04EC0-301F-11D3-BF4B-00C04F79EFBC}") = "SQLite", "SQLite\SQLite.csproj", "{C82ADB64-6946-41B1-81D4-30040264DC44}"
EndProject
Global
	GlobalSection(SolutionConfigurationPlatforms) = preSolution
		Debug|Any CPU = Debug|Any CPU
		Release|Any CPU = Release|Any CPU
	EndGlobalSection
	GlobalSection(ProjectConfigurationPlatforms) = postSolution
		{C82ADB64-6946-41B1-81D4-30040264DC44}.Debug|Any CPU.ActiveCfg = Debug|Any CPU
		{C82ADB64-6946-41B1-81D4-30040264DC44}.Debug|Any CPU.Build.0 = Debug|Any CPU
		{C82ADB64-6946-41B1-81D4-30040264DC44}.Release|Any CPU.ActiveCfg = Release|Any CPU
		{C82ADB64-6946-41B1-81D4-30040264DC44}.Release|Any CPU.Build.0 = Release|Any CPU
	EndGlobalSection
	GlobalSection(SolutionProperties) = preSolution
		HideSolutionNode = FALSE
	EndGlobalSection
	GlobalSection(ExtensibilityGlobals) = postSolution
		SolutionGuid = {729E5F98-1E3C-43E1-9DFF-1AE9F647F444}
	EndGlobalSection
EndGlobal
